
Microsoft Visual Studio Solution File, Format Version 12.00
# Visual Studio Version 17
VisualStudioVersion = 17.13.35919.96 d17.13
MinimumVisualStudioVersion = 10.0.40219.1
Project("{FAE04EC0-301F-11D3-BF4B-00C04F79EFBC}") = "GlobalSolution", "GlobalSolution\GlobalSolution.csproj", "{5CEB7471-9403-4ED2-AF5D-3D6E486C9E81}"
EndProject
Global
	GlobalSection(SolutionConfigurationPlatforms) = preSolution
		Debug|Any CPU = Debug|Any CPU
		Release|Any CPU = Release|Any CPU
	EndGlobalSection
	GlobalSection(ProjectConfigurationPlatforms) = postSolution
		{5CEB7471-9403-4ED2-AF5D-3D6E486C9E81}.Debug|Any CPU.ActiveCfg = Debug|Any CPU
		{5CEB7471-9403-4ED2-AF5D-3D6E486C9E81}.Debug|Any CPU.Build.0 = Debug|Any CPU
		{5CEB7471-9403-4ED2-AF5D-3D6E486C9E81}.Release|Any CPU.ActiveCfg = Release|Any CPU
		{5CEB7471-9403-4ED2-AF5D-3D6E486C9E81}.Release|Any CPU.Build.0 = Release|Any CPU
	EndGlobalSection
	GlobalSection(SolutionProperties) = preSolution
		HideSolutionNode = FALSE
	EndGlobalSection
	GlobalSection(ExtensibilityGlobals) = postSolution
		SolutionGuid = {B2311AA7-D679-4286-8D0C-CB4C2616069E}
	EndGlobalSection
EndGlobal
